
Microsoft Visual Studio Solution File, Format Version 12.00
# Visual Studio Version 17
VisualStudioVersion = 17.4.33103.184
MinimumVisualStudioVersion = 10.0.40219.1
Project("{9A19103F-16F7-4668-BE54-9A1E7A4F7556}") = "WebRazorPages1", "WebRazorPages1.csproj", "{ECF33D32-F6FC-4B39-87FD-1422776D4454}"
EndProject
Global
	GlobalSection(SolutionConfigurationPlatforms) = preSolution
		Debug|Any CPU = Debug|Any CPU
		Release|Any CPU = Release|Any CPU
	EndGlobalSection
	GlobalSection(ProjectConfigurationPlatforms) = postSolution
		{ECF33D32-F6FC-4B39-87FD-1422776D4454}.Debug|Any CPU.ActiveCfg = Debug|Any CPU
		{ECF33D32-F6FC-4B39-87FD-1422776D4454}.Debug|Any CPU.Build.0 = Debug|Any CPU
		{ECF33D32-F6FC-4B39-87FD-1422776D4454}.Release|Any CPU.ActiveCfg = Release|Any CPU
		{ECF33D32-F6FC-4B39-87FD-1422776D4454}.Release|Any CPU.Build.0 = Release|Any CPU
	EndGlobalSection
	GlobalSection(SolutionProperties) = preSolution
		HideSolutionNode = FALSE
	EndGlobalSection
	GlobalSection(ExtensibilityGlobals) = postSolution
		SolutionGuid = {34E15AEC-B5EE-417B-89FB-305154C6355B}
	EndGlobalSection
EndGlobal
