
Microsoft Visual Studio Solution File, Format Version 12.00
# Visual Studio Version 17
VisualStudioVersion = 17.4.33103.184
MinimumVisualStudioVersion = 10.0.40219.1
Project("{FAE04EC0-301F-11D3-BF4B-00C04F79EFBC}") = "HelloMVC", "HelloMVC.csproj", "{550A32CF-B856-449A-9594-9F1C59E28898}"
EndProject
Global
	GlobalSection(SolutionConfigurationPlatforms) = preSolution
		Debug|Any CPU = Debug|Any CPU
		Release|Any CPU = Release|Any CPU
	EndGlobalSection
	GlobalSection(ProjectConfigurationPlatforms) = postSolution
		{550A32CF-B856-449A-9594-9F1C59E28898}.Debug|Any CPU.ActiveCfg = Debug|Any CPU
		{550A32CF-B856-449A-9594-9F1C59E28898}.Debug|Any CPU.Build.0 = Debug|Any CPU
		{550A32CF-B856-449A-9594-9F1C59E28898}.Release|Any CPU.ActiveCfg = Release|Any CPU
		{550A32CF-B856-449A-9594-9F1C59E28898}.Release|Any CPU.Build.0 = Release|Any CPU
	EndGlobalSection
	GlobalSection(SolutionProperties) = preSolution
		HideSolutionNode = FALSE
	EndGlobalSection
	GlobalSection(ExtensibilityGlobals) = postSolution
		SolutionGuid = {3D52F892-1A30-465C-B414-D34DA84372ED}
	EndGlobalSection
EndGlobal
